
Microsoft Visual Studio Solution File, Format Version 12.00
# Visual Studio Version 17
VisualStudioVersion = 17.13.35919.96 d17.13
MinimumVisualStudioVersion = 10.0.40219.1
Project("{FAE04EC0-301F-11D3-BF4B-00C04F79EFBC}") = "test", "test\test.csproj", "{19381A7C-1685-4E4D-BDA6-3AFF0C12C2DD}"
EndProject
Global
	GlobalSection(SolutionConfigurationPlatforms) = preSolution
		Debug|Any CPU = Debug|Any CPU
		Release|Any CPU = Release|Any CPU
	EndGlobalSection
	GlobalSection(ProjectConfigurationPlatforms) = postSolution
		{19381A7C-1685-4E4D-BDA6-3AFF0C12C2DD}.Debug|Any CPU.ActiveCfg = Debug|Any CPU
		{19381A7C-1685-4E4D-BDA6-3AFF0C12C2DD}.Debug|Any CPU.Build.0 = Debug|Any CPU
		{19381A7C-1685-4E4D-BDA6-3AFF0C12C2DD}.Release|Any CPU.ActiveCfg = Release|Any CPU
		{19381A7C-1685-4E4D-BDA6-3AFF0C12C2DD}.Release|Any CPU.Build.0 = Release|Any CPU
	EndGlobalSection
	GlobalSection(SolutionProperties) = preSolution
		HideSolutionNode = FALSE
	EndGlobalSection
	GlobalSection(ExtensibilityGlobals) = postSolution
		SolutionGuid = {CFD44C2C-80F1-4961-8766-807B635BCED5}
	EndGlobalSection
EndGlobal
