
Microsoft Visual Studio Solution File, Format Version 12.00
# Visual Studio Version 17
VisualStudioVersion = 17.13.35919.96 d17.13
MinimumVisualStudioVersion = 10.0.40219.1
Project("{FAE04EC0-301F-11D3-BF4B-00C04F79EFBC}") = "QLNguoi", "QLNguoi\QLNguoi.csproj", "{0698FFED-D7A7-424F-B5B2-AC175BC5EA55}"
EndProject
Global
	GlobalSection(SolutionConfigurationPlatforms) = preSolution
		Debug|Any CPU = Debug|Any CPU
		Release|Any CPU = Release|Any CPU
	EndGlobalSection
	GlobalSection(ProjectConfigurationPlatforms) = postSolution
		{0698FFED-D7A7-424F-B5B2-AC175BC5EA55}.Debug|Any CPU.ActiveCfg = Debug|Any CPU
		{0698FFED-D7A7-424F-B5B2-AC175BC5EA55}.Debug|Any CPU.Build.0 = Debug|Any CPU
		{0698FFED-D7A7-424F-B5B2-AC175BC5EA55}.Release|Any CPU.ActiveCfg = Release|Any CPU
		{0698FFED-D7A7-424F-B5B2-AC175BC5EA55}.Release|Any CPU.Build.0 = Release|Any CPU
	EndGlobalSection
	GlobalSection(SolutionProperties) = preSolution
		HideSolutionNode = FALSE
	EndGlobalSection
	GlobalSection(ExtensibilityGlobals) = postSolution
		SolutionGuid = {1ECFF68E-2EB0-4AF3-8DC8-0BF2E88B7376}
	EndGlobalSection
EndGlobal
