
Microsoft Visual Studio Solution File, Format Version 12.00
# Visual Studio Version 17
VisualStudioVersion = 17.13.35919.96 d17.13
MinimumVisualStudioVersion = 10.0.40219.1
Project("{FAE04EC0-301F-11D3-BF4B-00C04F79EFBC}") = "LeDuyViet_2411945_OnTap2", "LeDuyViet_2411945_OnTap2\LeDuyViet_2411945_OnTap2.csproj", "{21975C34-9E58-423B-AA9E-C12F9F9397BF}"
EndProject
Global
	GlobalSection(SolutionConfigurationPlatforms) = preSolution
		Debug|Any CPU = Debug|Any CPU
		Release|Any CPU = Release|Any CPU
	EndGlobalSection
	GlobalSection(ProjectConfigurationPlatforms) = postSolution
		{21975C34-9E58-423B-AA9E-C12F9F9397BF}.Debug|Any CPU.ActiveCfg = Debug|Any CPU
		{21975C34-9E58-423B-AA9E-C12F9F9397BF}.Debug|Any CPU.Build.0 = Debug|Any CPU
		{21975C34-9E58-423B-AA9E-C12F9F9397BF}.Release|Any CPU.ActiveCfg = Release|Any CPU
		{21975C34-9E58-423B-AA9E-C12F9F9397BF}.Release|Any CPU.Build.0 = Release|Any CPU
	EndGlobalSection
	GlobalSection(SolutionProperties) = preSolution
		HideSolutionNode = FALSE
	EndGlobalSection
	GlobalSection(ExtensibilityGlobals) = postSolution
		SolutionGuid = {EEEC4BB6-800D-464F-85AB-DB91F8DA17B6}
	EndGlobalSection
EndGlobal
