
Microsoft Visual Studio Solution File, Format Version 12.00
# Visual Studio Version 17
VisualStudioVersion = 17.12.35521.163 d17.12
MinimumVisualStudioVersion = 10.0.40219.1
Project("{FAE04EC0-301F-11D3-BF4B-00C04F79EFBC}") = "LeDuyViet_2411945_Lab2_QuanLySieuThi", "LeDuyViet_2411945_Lab2_QuanLySieuThi\LeDuyViet_2411945_Lab2_QuanLySieuThi.csproj", "{6B7D84A7-0B7E-4A24-9EE5-BC1A033D2DBB}"
EndProject
Global
	GlobalSection(SolutionConfigurationPlatforms) = preSolution
		Debug|Any CPU = Debug|Any CPU
		Release|Any CPU = Release|Any CPU
	EndGlobalSection
	GlobalSection(ProjectConfigurationPlatforms) = postSolution
		{6B7D84A7-0B7E-4A24-9EE5-BC1A033D2DBB}.Debug|Any CPU.ActiveCfg = Debug|Any CPU
		{6B7D84A7-0B7E-4A24-9EE5-BC1A033D2DBB}.Debug|Any CPU.Build.0 = Debug|Any CPU
		{6B7D84A7-0B7E-4A24-9EE5-BC1A033D2DBB}.Release|Any CPU.ActiveCfg = Release|Any CPU
		{6B7D84A7-0B7E-4A24-9EE5-BC1A033D2DBB}.Release|Any CPU.Build.0 = Release|Any CPU
	EndGlobalSection
	GlobalSection(SolutionProperties) = preSolution
		HideSolutionNode = FALSE
	EndGlobalSection
EndGlobal
