
Microsoft Visual Studio Solution File, Format Version 12.00
# Visual Studio Version 17
VisualStudioVersion = 17.12.35521.163 d17.12
MinimumVisualStudioVersion = 10.0.40219.1
Project("{FAE04EC0-301F-11D3-BF4B-00C04F79EFBC}") = "LeDuyViet_2411945_Lab2_QuanLyNCKH", "LeDuyViet_2411945_Lab2_QuanLyNCKH\LeDuyViet_2411945_Lab2_QuanLyNCKH.csproj", "{2ECF11A0-4669-4FC2-932E-013BF8647A69}"
EndProject
Global
	GlobalSection(SolutionConfigurationPlatforms) = preSolution
		Debug|Any CPU = Debug|Any CPU
		Release|Any CPU = Release|Any CPU
	EndGlobalSection
	GlobalSection(ProjectConfigurationPlatforms) = postSolution
		{2ECF11A0-4669-4FC2-932E-013BF8647A69}.Debug|Any CPU.ActiveCfg = Debug|Any CPU
		{2ECF11A0-4669-4FC2-932E-013BF8647A69}.Debug|Any CPU.Build.0 = Debug|Any CPU
		{2ECF11A0-4669-4FC2-932E-013BF8647A69}.Release|Any CPU.ActiveCfg = Release|Any CPU
		{2ECF11A0-4669-4FC2-932E-013BF8647A69}.Release|Any CPU.Build.0 = Release|Any CPU
	EndGlobalSection
	GlobalSection(SolutionProperties) = preSolution
		HideSolutionNode = FALSE
	EndGlobalSection
EndGlobal
