
Microsoft Visual Studio Solution File, Format Version 12.00
# Visual Studio Version 17
VisualStudioVersion = 17.13.35919.96 d17.13
MinimumVisualStudioVersion = 10.0.40219.1
Project("{FAE04EC0-301F-11D3-BF4B-00C04F79EFBC}") = "QLTraiCay", "QLTraiCay\QLTraiCay.csproj", "{653BC013-2B98-4C95-A0AA-7F58D9BBD26C}"
EndProject
Global
	GlobalSection(SolutionConfigurationPlatforms) = preSolution
		Debug|Any CPU = Debug|Any CPU
		Release|Any CPU = Release|Any CPU
	EndGlobalSection
	GlobalSection(ProjectConfigurationPlatforms) = postSolution
		{653BC013-2B98-4C95-A0AA-7F58D9BBD26C}.Debug|Any CPU.ActiveCfg = Debug|Any CPU
		{653BC013-2B98-4C95-A0AA-7F58D9BBD26C}.Debug|Any CPU.Build.0 = Debug|Any CPU
		{653BC013-2B98-4C95-A0AA-7F58D9BBD26C}.Release|Any CPU.ActiveCfg = Release|Any CPU
		{653BC013-2B98-4C95-A0AA-7F58D9BBD26C}.Release|Any CPU.Build.0 = Release|Any CPU
	EndGlobalSection
	GlobalSection(SolutionProperties) = preSolution
		HideSolutionNode = FALSE
	EndGlobalSection
	GlobalSection(ExtensibilityGlobals) = postSolution
		SolutionGuid = {8EFB4ECC-22BA-43A5-A497-A68AC1BB88D0}
	EndGlobalSection
EndGlobal
