
Microsoft Visual Studio Solution File, Format Version 12.00
# Visual Studio Version 17
VisualStudioVersion = 17.13.35919.96 d17.13
MinimumVisualStudioVersion = 10.0.40219.1
Project("{FAE04EC0-301F-11D3-BF4B-00C04F79EFBC}") = "LeDuyViet_2411945_Lab8_QuanLyXe", "LeDuyViet_2411945_Lab8_QuanLyXe\LeDuyViet_2411945_Lab8_QuanLyXe.csproj", "{7DAE793C-C5B4-457B-A395-5F13EBA57EE7}"
EndProject
Global
	GlobalSection(SolutionConfigurationPlatforms) = preSolution
		Debug|Any CPU = Debug|Any CPU
		Release|Any CPU = Release|Any CPU
	EndGlobalSection
	GlobalSection(ProjectConfigurationPlatforms) = postSolution
		{7DAE793C-C5B4-457B-A395-5F13EBA57EE7}.Debug|Any CPU.ActiveCfg = Debug|Any CPU
		{7DAE793C-C5B4-457B-A395-5F13EBA57EE7}.Debug|Any CPU.Build.0 = Debug|Any CPU
		{7DAE793C-C5B4-457B-A395-5F13EBA57EE7}.Release|Any CPU.ActiveCfg = Release|Any CPU
		{7DAE793C-C5B4-457B-A395-5F13EBA57EE7}.Release|Any CPU.Build.0 = Release|Any CPU
	EndGlobalSection
	GlobalSection(SolutionProperties) = preSolution
		HideSolutionNode = FALSE
	EndGlobalSection
	GlobalSection(ExtensibilityGlobals) = postSolution
		SolutionGuid = {807C877F-823D-42E5-8374-9F9AD4FB3C84}
	EndGlobalSection
EndGlobal
