
Microsoft Visual Studio Solution File, Format Version 12.00
# Visual Studio Version 17
VisualStudioVersion = 17.13.35919.96 d17.13
MinimumVisualStudioVersion = 10.0.40219.1
Project("{FAE04EC0-301F-11D3-BF4B-00C04F79EFBC}") = "QLHinhHoc", "QLHinhHoc\QLHinhHoc.csproj", "{D18BA3F9-CCD1-4749-B32F-D4AB43D87A41}"
EndProject
Global
	GlobalSection(SolutionConfigurationPlatforms) = preSolution
		Debug|Any CPU = Debug|Any CPU
		Release|Any CPU = Release|Any CPU
	EndGlobalSection
	GlobalSection(ProjectConfigurationPlatforms) = postSolution
		{D18BA3F9-CCD1-4749-B32F-D4AB43D87A41}.Debug|Any CPU.ActiveCfg = Debug|Any CPU
		{D18BA3F9-CCD1-4749-B32F-D4AB43D87A41}.Debug|Any CPU.Build.0 = Debug|Any CPU
		{D18BA3F9-CCD1-4749-B32F-D4AB43D87A41}.Release|Any CPU.ActiveCfg = Release|Any CPU
		{D18BA3F9-CCD1-4749-B32F-D4AB43D87A41}.Release|Any CPU.Build.0 = Release|Any CPU
	EndGlobalSection
	GlobalSection(SolutionProperties) = preSolution
		HideSolutionNode = FALSE
	EndGlobalSection
	GlobalSection(ExtensibilityGlobals) = postSolution
		SolutionGuid = {BF170F71-20DE-4B4D-AAA3-877AE8A4B58E}
	EndGlobalSection
EndGlobal
